
Microsoft Visual Studio Solution File, Format Version 12.00
# Visual Studio Version 17
VisualStudioVersion = 17.10.35027.167
MinimumVisualStudioVersion = 10.0.40219.1
Project("{FAE04EC0-301F-11D3-BF4B-00C04F79EFBC}") = "RadMykola.RobotChallenge", "RadMykola.RobotChallenge\RadMykola.RobotChallenge.csproj", "{8BC3028A-5608-4FA3-A13E-14F6DF5AA79F}"
EndProject
Project("{FAE04EC0-301F-11D3-BF4B-00C04F79EFBC}") = "RadMykola.RobotChallenge.Test", "RadMykola.RobotChallenge.Test\RadMykola.RobotChallenge.Test.csproj", "{663D2D87-A09B-4017-BD87-5C8FAE314157}"
EndProject
Global
	GlobalSection(SolutionConfigurationPlatforms) = preSolution
		Debug|Any CPU = Debug|Any CPU
		Release|Any CPU = Release|Any CPU
	EndGlobalSection
	GlobalSection(ProjectConfigurationPlatforms) = postSolution
		{8BC3028A-5608-4FA3-A13E-14F6DF5AA79F}.Debug|Any CPU.ActiveCfg = Debug|Any CPU
		{8BC3028A-5608-4FA3-A13E-14F6DF5AA79F}.Debug|Any CPU.Build.0 = Debug|Any CPU
		{8BC3028A-5608-4FA3-A13E-14F6DF5AA79F}.Release|Any CPU.ActiveCfg = Release|Any CPU
		{8BC3028A-5608-4FA3-A13E-14F6DF5AA79F}.Release|Any CPU.Build.0 = Release|Any CPU
		{663D2D87-A09B-4017-BD87-5C8FAE314157}.Debug|Any CPU.ActiveCfg = Debug|Any CPU
		{663D2D87-A09B-4017-BD87-5C8FAE314157}.Debug|Any CPU.Build.0 = Debug|Any CPU
		{663D2D87-A09B-4017-BD87-5C8FAE314157}.Release|Any CPU.ActiveCfg = Release|Any CPU
		{663D2D87-A09B-4017-BD87-5C8FAE314157}.Release|Any CPU.Build.0 = Release|Any CPU
	EndGlobalSection
	GlobalSection(SolutionProperties) = preSolution
		HideSolutionNode = FALSE
	EndGlobalSection
	GlobalSection(ExtensibilityGlobals) = postSolution
		SolutionGuid = {05DCC84F-A025-43CE-8B4D-D24DD2F27D1E}
	EndGlobalSection
EndGlobal
