
Microsoft Visual Studio Solution File, Format Version 12.00
# Visual Studio Version 17
VisualStudioVersion = 17.10.35027.167
MinimumVisualStudioVersion = 10.0.40219.1
Project("{FAE04EC0-301F-11D3-BF4B-00C04F79EFBC}") = "Organization.Model", "Organization.Model\Organization.Model.csproj", "{FB825807-7393-40BC-BFF0-14A524D8D16B}"
EndProject
Project("{FAE04EC0-301F-11D3-BF4B-00C04F79EFBC}") = "Organizer.UI", "Organizer.UI\Organizer.UI.csproj", "{629AEB5E-D0AE-45AE-8A8E-BCBA42899848}"
EndProject
Global
	GlobalSection(SolutionConfigurationPlatforms) = preSolution
		Debug|Any CPU = Debug|Any CPU
		Release|Any CPU = Release|Any CPU
	EndGlobalSection
	GlobalSection(ProjectConfigurationPlatforms) = postSolution
		{FB825807-7393-40BC-BFF0-14A524D8D16B}.Debug|Any CPU.ActiveCfg = Debug|Any CPU
		{FB825807-7393-40BC-BFF0-14A524D8D16B}.Debug|Any CPU.Build.0 = Debug|Any CPU
		{FB825807-7393-40BC-BFF0-14A524D8D16B}.Release|Any CPU.ActiveCfg = Release|Any CPU
		{FB825807-7393-40BC-BFF0-14A524D8D16B}.Release|Any CPU.Build.0 = Release|Any CPU
		{629AEB5E-D0AE-45AE-8A8E-BCBA42899848}.Debug|Any CPU.ActiveCfg = Debug|Any CPU
		{629AEB5E-D0AE-45AE-8A8E-BCBA42899848}.Debug|Any CPU.Build.0 = Debug|Any CPU
		{629AEB5E-D0AE-45AE-8A8E-BCBA42899848}.Release|Any CPU.ActiveCfg = Release|Any CPU
		{629AEB5E-D0AE-45AE-8A8E-BCBA42899848}.Release|Any CPU.Build.0 = Release|Any CPU
	EndGlobalSection
	GlobalSection(SolutionProperties) = preSolution
		HideSolutionNode = FALSE
	EndGlobalSection
	GlobalSection(ExtensibilityGlobals) = postSolution
		SolutionGuid = {C7DBCA93-EF46-4A02-B73D-A7875F5BF1FF}
	EndGlobalSection
EndGlobal
